// !$*UTF8*$!
{
	archiveVersion = 1;
	classes = {
	};
	objectVersion = 46;
	objects = {

/* Begin PBXBuildFile section */
		6BA068451C5E4830005CB043 /* main.m in Sources */ = {isa = PBXBuildFile; fileRef = 6BA068441C5E4830005CB043 /* main.m */; };
		6BA068481C5E4830005CB043 /* AppDelegate.m in Sources */ = {isa = PBXBuildFile; fileRef = 6BA068471C5E4830005CB043 /* AppDelegate.m */; };
		6BA0684B1C5E4830005CB043 /* ViewController.m in Sources */ = {isa = PBXBuildFile; fileRef = 6BA0684A1C5E4830005CB043 /* ViewController.m */; };
		6BA0684E1C5E4830005CB043 /* Main.storyboard in Resources */ = {isa = PBXBuildFile; fileRef = 6BA0684C1C5E4830005CB043 /* Main.storyboard */; };
		6BA068501C5E4830005CB043 /* Assets.xcassets in Resources */ = {isa = PBXBuildFile; fileRef = 6BA0684F1C5E4830005CB043 /* Assets.xcassets */; };
		6BA068531C5E4830005CB043 /* LaunchScreen.storyboard in Resources */ = {isa = PBXBuildFile; fileRef = 6BA068511C5E4830005CB043 /* LaunchScreen.storyboard */; };
		6BA0685E1C5E4830005CB043 /* KBCircleStepViewDemoTests.m in Sources */ = {isa = PBXBuildFile; fileRef = 6BA0685D1C5E4830005CB043 /* KBCircleStepViewDemoTests.m */; };
		6BA068691C5E4830005CB043 /* KBCircleStepViewDemoUITests.m in Sources */ = {isa = PBXBuildFile; fileRef = 6BA068681C5E4830005CB043 /* KBCircleStepViewDemoUITests.m */; };
		6BA0687D1C5E4F74005CB043 /* KBCircleStepView.m in Sources */ = {isa = PBXBuildFile; fileRef = 6BA0687C1C5E4F74005CB043 /* KBCircleStepView.m */; };
/* End PBXBuildFile section */

/* Begin PBXContainerItemProxy section */
		6BA0685A1C5E4830005CB043 /* PBXContainerItemProxy */ = {
			isa = PBXContainerItemProxy;
			containerPortal = 6BA068381C5E4830005CB043 /* Project object */;
			proxyType = 1;
			remoteGlobalIDString = 6BA0683F1C5E4830005CB043;
			remoteInfo = KBCircleStepViewDemo;
		};
		6BA068651C5E4830005CB043 /* PBXContainerItemProxy */ = {
			isa = PBXContainerItemProxy;
			containerPortal = 6BA068381C5E4830005CB043 /* Project object */;
			proxyType = 1;
			remoteGlobalIDString = 6BA0683F1C5E4830005CB043;
			remoteInfo = KBCircleStepViewDemo;
		};
/* End PBXContainerItemProxy section */

/* Begin PBXFileReference section */
		6BA068401C5E4830005CB043 /* KBCircleStepViewDemo.app */ = {isa = PBXFileReference; explicitFileType = wrapper.application; includeInIndex = 0; path = KBCircleStepViewDemo.app; sourceTree = BUILT_PRODUCTS_DIR; };
		6BA068441C5E4830005CB043 /* main.m */ = {isa = PBXFileReference; lastKnownFileType = sourcecode.c.objc; path = main.m; sourceTree = "<group>"; };
		6BA068461C5E4830005CB043 /* AppDelegate.h */ = {isa = PBXFileReference; lastKnownFileType = sourcecode.c.h; path = AppDelegate.h; sourceTree = "<group>"; };
		6BA068471C5E4830005CB043 /* AppDelegate.m */ = {isa = PBXFileReference; lastKnownFileType = sourcecode.c.objc; path = AppDelegate.m; sourceTree = "<group>"; };
		6BA068491C5E4830005CB043 /* ViewController.h */ = {isa = PBXFileReference; lastKnownFileType = sourcecode.c.h; path = ViewController.h; sourceTree = "<group>"; };
		6BA0684A1C5E4830005CB043 /* ViewController.m */ = {isa = PBXFileReference; lastKnownFileType = sourcecode.c.objc; path = ViewController.m; sourceTree = "<group>"; };
		6BA0684D1C5E4830005CB043 /* Base */ = {isa = PBXFileReference; lastKnownFileType = file.storyboard; name = Base; path = Base.lproj/Main.storyboard; sourceTree = "<group>"; };
		6BA0684F1C5E4830005CB043 /* Assets.xcassets */ = {isa = PBXFileReference; lastKnownFileType = folder.assetcatalog; path = Assets.xcassets; sourceTree = "<group>"; };
		6BA068521C5E4830005CB043 /* Base */ = {isa = PBXFileReference; lastKnownFileType = file.storyboard; name = Base; path = Base.lproj/LaunchScreen.storyboard; sourceTree = "<group>"; };
		6BA068541C5E4830005CB043 /* Info.plist */ = {isa = PBXFileReference; lastKnownFileType = text.plist.xml; path = Info.plist; sourceTree = "<group>"; };
		6BA068591C5E4830005CB043 /* KBCircleStepViewDemoTests.xctest */ = {isa = PBXFileReference; explicitFileType = wrapper.cfbundle; includeInIndex = 0; path = KBCircleStepViewDemoTests.xctest; sourceTree = BUILT_PRODUCTS_DIR; };
		6BA0685D1C5E4830005CB043 /* KBCircleStepViewDemoTests.m */ = {isa = PBXFileReference; lastKnownFileType = sourcecode.c.objc; path = KBCircleStepViewDemoTests.m; sourceTree = "<group>"; };
		6BA0685F1C5E4830005CB043 /* Info.plist */ = {isa = PBXFileReference; lastKnownFileType = text.plist.xml; path = Info.plist; sourceTree = "<group>"; };
		6BA068641C5E4830005CB043 /* KBCircleStepViewDemoUITests.xctest */ = {isa = PBXFileReference; explicitFileType = wrapper.cfbundle; includeInIndex = 0; path = KBCircleStepViewDemoUITests.xctest; sourceTree = BUILT_PRODUCTS_DIR; };
		6BA068681C5E4830005CB043 /* KBCircleStepViewDemoUITests.m */ = {isa = PBXFileReference; lastKnownFileType = sourcecode.c.objc; path = KBCircleStepViewDemoUITests.m; sourceTree = "<group>"; };
		6BA0686A1C5E4830005CB043 /* Info.plist */ = {isa = PBXFileReference; lastKnownFileType = text.plist.xml; path = Info.plist; sourceTree = "<group>"; };
		6BA0687B1C5E4F74005CB043 /* KBCircleStepView.h */ = {isa = PBXFileReference; fileEncoding = 4; lastKnownFileType = sourcecode.c.h; path = KBCircleStepView.h; sourceTree = "<group>"; };
		6BA0687C1C5E4F74005CB043 /* KBCircleStepView.m */ = {isa = PBXFileReference; fileEncoding = 4; lastKnownFileType = sourcecode.c.objc; path = KBCircleStepView.m; sourceTree = "<group>"; };
/* End PBXFileReference section */

/* Begin PBXFrameworksBuildPhase section */
		6BA0683D1C5E4830005CB043 /* Frameworks */ = {
			isa = PBXFrameworksBuildPhase;
			buildActionMask = 2147483647;
			files = (
			);
			runOnlyForDeploymentPostprocessing = 0;
		};
		6BA068561C5E4830005CB043 /* Frameworks */ = {
			isa = PBXFrameworksBuildPhase;
			buildActionMask = 2147483647;
			files = (
			);
			runOnlyForDeploymentPostprocessing = 0;
		};
		6BA068611C5E4830005CB043 /* Frameworks */ = {
			isa = PBXFrameworksBuildPhase;
			buildActionMask = 2147483647;
			files = (
			);
			runOnlyForDeploymentPostprocessing = 0;
		};
/* End PBXFrameworksBuildPhase section */

/* Begin PBXGroup section */
		6BA068371C5E4830005CB043 = {
			isa = PBXGroup;
			children = (
				6BA068421C5E4830005CB043 /* KBCircleStepViewDemo */,
				6BA0685C1C5E4830005CB043 /* KBCircleStepViewDemoTests */,
				6BA068671C5E4830005CB043 /* KBCircleStepViewDemoUITests */,
				6BA068411C5E4830005CB043 /* Products */,
			);
			sourceTree = "<group>";
		};
		6BA068411C5E4830005CB043 /* Products */ = {
			isa = PBXGroup;
			children = (
				6BA068401C5E4830005CB043 /* KBCircleStepViewDemo.app */,
				6BA068591C5E4830005CB043 /* KBCircleStepViewDemoTests.xctest */,
				6BA068641C5E4830005CB043 /* KBCircleStepViewDemoUITests.xctest */,
			);
			name = Products;
			sourceTree = "<group>";
		};
		6BA068421C5E4830005CB043 /* KBCircleStepViewDemo */ = {
			isa = PBXGroup;
			children = (
				6BA0687A1C5E4F74005CB043 /* KBCircleStepView */,
				6BA068461C5E4830005CB043 /* AppDelegate.h */,
				6BA068471C5E4830005CB043 /* AppDelegate.m */,
				6BA068491C5E4830005CB043 /* ViewController.h */,
				6BA0684A1C5E4830005CB043 /* ViewController.m */,
				6BA0684C1C5E4830005CB043 /* Main.storyboard */,
				6BA0684F1C5E4830005CB043 /* Assets.xcassets */,
				6BA068511C5E4830005CB043 /* LaunchScreen.storyboard */,
				6BA068541C5E4830005CB043 /* Info.plist */,
				6BA068431C5E4830005CB043 /* Supporting Files */,
			);
			path = KBCircleStepViewDemo;
			sourceTree = "<group>";
		};
		6BA068431C5E4830005CB043 /* Supporting Files */ = {
			isa = PBXGroup;
			children = (
				6BA068441C5E4830005CB043 /* main.m */,
			);
			name = "Supporting Files";
			sourceTree = "<group>";
		};
		6BA0685C1C5E4830005CB043 /* KBCircleStepViewDemoTests */ = {
			isa = PBXGroup;
			children = (
				6BA0685D1C5E4830005CB043 /* KBCircleStepViewDemoTests.m */,
				6BA0685F1C5E4830005CB043 /* Info.plist */,
			);
			path = KBCircleStepViewDemoTests;
			sourceTree = "<group>";
		};
		6BA068671C5E4830005CB043 /* KBCircleStepViewDemoUITests */ = {
			isa = PBXGroup;
			children = (
				6BA068681C5E4830005CB043 /* KBCircleStepViewDemoUITests.m */,
				6BA0686A1C5E4830005CB043 /* Info.plist */,
			);
			path = KBCircleStepViewDemoUITests;
			sourceTree = "<group>";
		};
		6BA0687A1C5E4F74005CB043 /* KBCircleStepView */ = {
			isa = PBXGroup;
			children = (
				6BA0687B1C5E4F74005CB043 /* KBCircleStepView.h */,
				6BA0687C1C5E4F74005CB043 /* KBCircleStepView.m */,
			);
			path = KBCircleStepView;
			sourceTree = "<group>";
		};
/* End PBXGroup section */

/* Begin PBXNativeTarget section */
		6BA0683F1C5E4830005CB043 /* KBCircleStepViewDemo */ = {
			isa = PBXNativeTarget;
			buildConfigurationList = 6BA0686D1C5E4830005CB043 /* Build configuration list for PBXNativeTarget "KBCircleStepViewDemo" */;
			buildPhases = (
				6BA0683C1C5E4830005CB043 /* Sources */,
				6BA0683D1C5E4830005CB043 /* Frameworks */,
				6BA0683E1C5E4830005CB043 /* Resources */,
			);
			buildRules = (
			);
			dependencies = (
			);
			name = KBCircleStepViewDemo;
			productName = KBCircleStepViewDemo;
			productReference = 6BA068401C5E4830005CB043 /* KBCircleStepViewDemo.app */;
			productType = "com.apple.product-type.application";
		};
		6BA068581C5E4830005CB043 /* KBCircleStepViewDemoTests */ = {
			isa = PBXNativeTarget;
			buildConfigurationList = 6BA068701C5E4830005CB043 /* Build configuration list for PBXNativeTarget "KBCircleStepViewDemoTests" */;
			buildPhases = (
				6BA068551C5E4830005CB043 /* Sources */,
				6BA068561C5E4830005CB043 /* Frameworks */,
				6BA068571C5E4830005CB043 /* Resources */,
			);
			buildRules = (
			);
			dependencies = (
				6BA0685B1C5E4830005CB043 /* PBXTargetDependency */,
			);
			name = KBCircleStepViewDemoTests;
			productName = KBCircleStepViewDemoTests;
			productReference = 6BA068591C5E4830005CB043 /* KBCircleStepViewDemoTests.xctest */;
			productType = "com.apple.product-type.bundle.unit-test";
		};
		6BA068631C5E4830005CB043 /* KBCircleStepViewDemoUITests */ = {
			isa = PBXNativeTarget;
			buildConfigurationList = 6BA068731C5E4830005CB043 /* Build configuration list for PBXNativeTarget "KBCircleStepViewDemoUITests" */;
			buildPhases = (
				6BA068601C5E4830005CB043 /* Sources */,
				6BA068611C5E4830005CB043 /* Frameworks */,
				6BA068621C5E4830005CB043 /* Resources */,
			);
			buildRules = (
			);
			dependencies = (
				6BA068661C5E4830005CB043 /* PBXTargetDependency */,
			);
			name = KBCircleStepViewDemoUITests;
			productName = KBCircleStepViewDemoUITests;
			productReference = 6BA068641C5E4830005CB043 /* KBCircleStepViewDemoUITests.xctest */;
			productType = "com.apple.product-type.bundle.ui-testing";
		};
/* End PBXNativeTarget section */

/* Begin PBXProject section */
		6BA068381C5E4830005CB043 /* Project object */ = {
			isa = PBXProject;
			attributes = {
				LastUpgradeCheck = 0720;
				ORGANIZATIONNAME = KentonYu;
				TargetAttributes = {
					6BA0683F1C5E4830005CB043 = {
						CreatedOnToolsVersion = 7.2;
					};
					6BA068581C5E4830005CB043 = {
						CreatedOnToolsVersion = 7.2;
						DevelopmentTeam = 483N8NX9HK;
						TestTargetID = 6BA0683F1C5E4830005CB043;
					};
					6BA068631C5E4830005CB043 = {
						CreatedOnToolsVersion = 7.2;
						DevelopmentTeam = 483N8NX9HK;
						TestTargetID = 6BA0683F1C5E4830005CB043;
					};
				};
			};
			buildConfigurationList = 6BA0683B1C5E4830005CB043 /* Build configuration list for PBXProject "KBCircleStepViewDemo" */;
			compatibilityVersion = "Xcode 3.2";
			developmentRegion = English;
			hasScannedForEncodings = 0;
			knownRegions = (
				en,
				Base,
			);
			mainGroup = 6BA068371C5E4830005CB043;
			productRefGroup = 6BA068411C5E4830005CB043 /* Products */;
			projectDirPath = "";
			projectRoot = "";
			targets = (
				6BA0683F1C5E4830005CB043 /* KBCircleStepViewDemo */,
				6BA068581C5E4830005CB043 /* KBCircleStepViewDemoTests */,
				6BA068631C5E4830005CB043 /* KBCircleStepViewDemoUITests */,
			);
		};
/* End PBXProject section */

/* Begin PBXResourcesBuildPhase section */
		6BA0683E1C5E4830005CB043 /* Resources */ = {
			isa = PBXResourcesBuildPhase;
			buildActionMask = 2147483647;
			files = (
				6BA068531C5E4830005CB043 /* LaunchScreen.storyboard in Resources */,
				6BA068501C5E4830005CB043 /* Assets.xcassets in Resources */,
				6BA0684E1C5E4830005CB043 /* Main.storyboard in Resources */,
			);
			runOnlyForDeploymentPostprocessing = 0;
		};
		6BA068571C5E4830005CB043 /* Resources */ = {
			isa = PBXResourcesBuildPhase;
			buildActionMask = 2147483647;
			files = (
			);
			runOnlyForDeploymentPostprocessing = 0;
		};
		6BA068621C5E4830005CB043 /* Resources */ = {
			isa = PBXResourcesBuildPhase;
			buildActionMask = 2147483647;
			files = (
			);
			runOnlyForDeploymentPostprocessing = 0;
		};
/* End PBXResourcesBuildPhase section */

/* Begin PBXSourcesBuildPhase section */
		6BA0683C1C5E4830005CB043 /* Sources */ = {
			isa = PBXSourcesBuildPhase;
			buildActionMask = 2147483647;
			files = (
				6BA0684B1C5E4830005CB043 /* ViewController.m in Sources */,
				6BA068481C5E4830005CB043 /* AppDelegate.m in Sources */,
				6BA068451C5E4830005CB043 /* main.m in Sources */,
				6BA0687D1C5E4F74005CB043 /* KBCircleStepView.m in Sources */,
			);
			runOnlyForDeploymentPostprocessing = 0;
		};
		6BA068551C5E4830005CB043 /* Sources */ = {
			isa = PBXSourcesBuildPhase;
			buildActionMask = 2147483647;
			files = (
				6BA0685E1C5E4830005CB043 /* KBCircleStepViewDemoTests.m in Sources */,
			);
			runOnlyForDeploymentPostprocessing = 0;
		};
		6BA068601C5E4830005CB043 /* Sources */ = {
			isa = PBXSourcesBuildPhase;
			buildActionMask = 2147483647;
			files = (
				6BA068691C5E4830005CB043 /* KBCircleStepViewDemoUITests.m in Sources */,
			);
			runOnlyForDeploymentPostprocessing = 0;
		};
/* End PBXSourcesBuildPhase section */

/* Begin PBXTargetDependency section */
		6BA0685B1C5E4830005CB043 /* PBXTargetDependency */ = {
			isa = PBXTargetDependency;
			target = 6BA0683F1C5E4830005CB043 /* KBCircleStepViewDemo */;
			targetProxy = 6BA0685A1C5E4830005CB043 /* PBXContainerItemProxy */;
		};
		6BA068661C5E4830005CB043 /* PBXTargetDependency */ = {
			isa = PBXTargetDependency;
			target = 6BA0683F1C5E4830005CB043 /* KBCircleStepViewDemo */;
			targetProxy = 6BA068651C5E4830005CB043 /* PBXContainerItemProxy */;
		};
/* End PBXTargetDependency section */

/* Begin PBXVariantGroup section */
		6BA0684C1C5E4830005CB043 /* Main.storyboard */ = {
			isa = PBXVariantGroup;
			children = (
				6BA0684D1C5E4830005CB043 /* Base */,
			);
			name = Main.storyboard;
			sourceTree = "<group>";
		};
		6BA068511C5E4830005CB043 /* LaunchScreen.storyboard */ = {
			isa = PBXVariantGroup;
			children = (
				6BA068521C5E4830005CB043 /* Base */,
			);
			name = LaunchScreen.storyboard;
			sourceTree = "<group>";
		};
/* End PBXVariantGroup section */

/* Begin XCBuildConfiguration section */
		6BA0686B1C5E4830005CB043 /* Debug */ = {
			isa = XCBuildConfiguration;
			buildSettings = {
				ALWAYS_SEARCH_USER_PATHS = NO;
				CLANG_CXX_LANGUAGE_STANDARD = "gnu++0x";
				CLANG_CXX_LIBRARY = "libc++";
				CLANG_ENABLE_MODULES = YES;
				CLANG_ENABLE_OBJC_ARC = YES;
				CLANG_WARN_BOOL_CONVERSION = YES;
				CLANG_WARN_CONSTANT_CONVERSION = YES;
				CLANG_WARN_DIRECT_OBJC_ISA_USAGE = YES_ERROR;
				CLANG_WARN_EMPTY_BODY = YES;
				CLANG_WARN_ENUM_CONVERSION = YES;
				CLANG_WARN_INT_CONVERSION = YES;
				CLANG_WARN_OBJC_ROOT_CLASS = YES_ERROR;
				CLANG_WARN_UNREACHABLE_CODE = YES;
				CLANG_WARN__DUPLICATE_METHOD_MATCH = YES;
				"CODE_SIGN_IDENTITY[sdk=iphoneos*]" = "iPhone Developer";
				COPY_PHASE_STRIP = NO;
				DEBUG_INFORMATION_FORMAT = dwarf;
				ENABLE_STRICT_OBJC_MSGSEND = YES;
				ENABLE_TESTABILITY = YES;
				GCC_C_LANGUAGE_STANDARD = gnu99;
				GCC_DYNAMIC_NO_PIC = NO;
				GCC_NO_COMMON_BLOCKS = YES;
				GCC_OPTIMIZATION_LEVEL = 0;
				GCC_PREPROCESSOR_DEFINITIONS = (
					"DEBUG=1",
					"$(inherited)",
				);
				GCC_WARN_64_TO_32_BIT_CONVERSION = YES;
				GCC_WARN_ABOUT_RETURN_TYPE = YES_ERROR;
				GCC_WARN_UNDECLARED_SELECTOR = YES;
				GCC_WARN_UNINITIALIZED_AUTOS = YES_AGGRESSIVE;
				GCC_WARN_UNUSED_FUNCTION = YES;
				GCC_WARN_UNUSED_VARIABLE = YES;
				IPHONEOS_DEPLOYMENT_TARGET = 9.2;
				MTL_ENABLE_DEBUG_INFO = YES;
				ONLY_ACTIVE_ARCH = YES;
				SDKROOT = iphoneos;
			};
			name = Debug;
		};
		6BA0686C1C5E4830005CB043 /* Release */ = {
			isa = XCBuildConfiguration;
			buildSettings = {
				ALWAYS_SEARCH_USER_PATHS = NO;
				CLANG_CXX_LANGUAGE_STANDARD = "gnu++0x";
				CLANG_CXX_LIBRARY = "libc++";
				CLANG_ENABLE_MODULES = YES;
				CLANG_ENABLE_OBJC_ARC = YES;
				CLANG_WARN_BOOL_CONVERSION = YES;
				CLANG_WARN_CONSTANT_CONVERSION = YES;
				CLANG_WARN_DIRECT_OBJC_ISA_USAGE = YES_ERROR;
				CLANG_WARN_EMPTY_BODY = YES;
				CLANG_WARN_ENUM_CONVERSION = YES;
				CLANG_WARN_INT_CONVERSION = YES;
				CLANG_WARN_OBJC_ROOT_CLASS = YES_ERROR;
				CLANG_WARN_UNREACHABLE_CODE = YES;
				CLANG_WARN__DUPLICATE_METHOD_MATCH = YES;
				"CODE_SIGN_IDENTITY[sdk=iphoneos*]" = "iPhone Developer";
				COPY_PHASE_STRIP = NO;
				DEBUG_INFORMATION_FORMAT = "dwarf-with-dsym";
				ENABLE_NS_ASSERTIONS = NO;
				ENABLE_STRICT_OBJC_MSGSEND = YES;
				GCC_C_LANGUAGE_STANDARD = gnu99;
				GCC_NO_COMMON_BLOCKS = YES;
				GCC_WARN_64_TO_32_BIT_CONVERSION = YES;
				GCC_WARN_ABOUT_RETURN_TYPE = YES_ERROR;
				GCC_WARN_UNDECLARED_SELECTOR = YES;
				GCC_WARN_UNINITIALIZED_AUTOS = YES_AGGRESSIVE;
				GCC_WARN_UNUSED_FUNCTION = YES;
				GCC_WARN_UNUSED_VARIABLE = YES;
				IPHONEOS_DEPLOYMENT_TARGET = 9.2;
				MTL_ENABLE_DEBUG_INFO = NO;
				SDKROOT = iphoneos;
				VALIDATE_PRODUCT = YES;
			};
			name = Release;
		};
		6BA0686E1C5E4830005CB043 /* Debug */ = {
			isa = XCBuildConfiguration;
			buildSettings = {
				ASSETCATALOG_COMPILER_APPICON_NAME = AppIcon;
				CODE_SIGN_IDENTITY = "iPhone Developer";
				INFOPLIST_FILE = KBCircleStepViewDemo/Info.plist;
				IPHONEOS_DEPLOYMENT_TARGET = 8.1;
				LD_RUNPATH_SEARCH_PATHS = "$(inherited) @executable_path/Frameworks";
				PRODUCT_BUNDLE_IDENTIFIER = cn.com.balala.KBCircleStepViewDemo;
				PRODUCT_NAME = "$(TARGET_NAME)";
			};
			name = Debug;
		};
		6BA0686F1C5E4830005CB043 /* Release */ = {
			isa = XCBuildConfiguration;
			buildSettings = {
				ASSETCATALOG_COMPILER_APPICON_NAME = AppIcon;
				CODE_SIGN_IDENTITY = "iPhone Developer";
				INFOPLIST_FILE = KBCircleStepViewDemo/Info.plist;
				IPHONEOS_DEPLOYMENT_TARGET = 8.1;
				LD_RUNPATH_SEARCH_PATHS = "$(inherited) @executable_path/Frameworks";
				PRODUCT_BUNDLE_IDENTIFIER = cn.com.balala.KBCircleStepViewDemo;
				PRODUCT_NAME = "$(TARGET_NAME)";
			};
			name = Release;
		};
		6BA068711C5E4830005CB043 /* Debug */ = {
			isa = XCBuildConfiguration;
			buildSettings = {
				BUNDLE_LOADER = "$(TEST_HOST)";
				INFOPLIST_FILE = KBCircleStepViewDemoTests/Info.plist;
				LD_RUNPATH_SEARCH_PATHS = "$(inherited) @executable_path/Frameworks @loader_path/Frameworks";
				PRODUCT_BUNDLE_IDENTIFIER = cn.com.balala.KBCircleStepViewDemoTests;
				PRODUCT_NAME = "$(TARGET_NAME)";
				TEST_HOST = "$(BUILT_PRODUCTS_DIR)/KBCircleStepViewDemo.app/KBCircleStepViewDemo";
			};
			name = Debug;
		};
		6BA068721C5E4830005CB043 /* Release */ = {
			isa = XCBuildConfiguration;
			buildSettings = {
				BUNDLE_LOADER = "$(TEST_HOST)";
				INFOPLIST_FILE = KBCircleStepViewDemoTests/Info.plist;
				LD_RUNPATH_SEARCH_PATHS = "$(inherited) @executable_path/Frameworks @loader_path/Frameworks";
				PRODUCT_BUNDLE_IDENTIFIER = cn.com.balala.KBCircleStepViewDemoTests;
				PRODUCT_NAME = "$(TARGET_NAME)";
				TEST_HOST = "$(BUILT_PRODUCTS_DIR)/KBCircleStepViewDemo.app/KBCircleStepViewDemo";
			};
			name = Release;
		};
		6BA068741C5E4830005CB043 /* Debug */ = {
			isa = XCBuildConfiguration;
			buildSettings = {
				INFOPLIST_FILE = KBCircleStepViewDemoUITests/Info.plist;
				LD_RUNPATH_SEARCH_PATHS = "$(inherited) @executable_path/Frameworks @loader_path/Frameworks";
				PRODUCT_BUNDLE_IDENTIFIER = cn.com.balala.KBCircleStepViewDemoUITests;
				PRODUCT_NAME = "$(TARGET_NAME)";
				TEST_TARGET_NAME = KBCircleStepViewDemo;
				USES_XCTRUNNER = YES;
			};
			name = Debug;
		};
		6BA068751C5E4830005CB043 /* Release */ = {
			isa = XCBuildConfiguration;
			buildSettings = {
				INFOPLIST_FILE = KBCircleStepViewDemoUITests/Info.plist;
				LD_RUNPATH_SEARCH_PATHS = "$(inherited) @executable_path/Frameworks @loader_path/Frameworks";
				PRODUCT_BUNDLE_IDENTIFIER = cn.com.balala.KBCircleStepViewDemoUITests;
				PRODUCT_NAME = "$(TARGET_NAME)";
				TEST_TARGET_NAME = KBCircleStepViewDemo;
				USES_XCTRUNNER = YES;
			};
			name = Release;
		};
/* End XCBuildConfiguration section */

/* Begin XCConfigurationList section */
		6BA0683B1C5E4830005CB043 /* Build configuration list for PBXProject "KBCircleStepViewDemo" */ = {
			isa = XCConfigurationList;
			buildConfigurations = (
				6BA0686B1C5E4830005CB043 /* Debug */,
				6BA0686C1C5E4830005CB043 /* Release */,
			);
			defaultConfigurationIsVisible = 0;
			defaultConfigurationName = Release;
		};
		6BA0686D1C5E4830005CB043 /* Build configuration list for PBXNativeTarget "KBCircleStepViewDemo" */ = {
			isa = XCConfigurationList;
			buildConfigurations = (
				6BA0686E1C5E4830005CB043 /* Debug */,
				6BA0686F1C5E4830005CB043 /* Release */,
			);
			defaultConfigurationIsVisible = 0;
			defaultConfigurationName = Release;
		};
		6BA068701C5E4830005CB043 /* Build configuration list for PBXNativeTarget "KBCircleStepViewDemoTests" */ = {
			isa = XCConfigurationList;
			buildConfigurations = (
				6BA068711C5E4830005CB043 /* Debug */,
				6BA068721C5E4830005CB043 /* Release */,
			);
			defaultConfigurationIsVisible = 0;
			defaultConfigurationName = Release;
		};
		6BA068731C5E4830005CB043 /* Build configuration list for PBXNativeTarget "KBCircleStepViewDemoUITests" */ = {
			isa = XCConfigurationList;
			buildConfigurations = (
				6BA068741C5E4830005CB043 /* Debug */,
				6BA068751C5E4830005CB043 /* Release */,
			);
			defaultConfigurationIsVisible = 0;
			defaultConfigurationName = Release;
		};
/* End XCConfigurationList section */
	};
	rootObject = 6BA068381C5E4830005CB043 /* Project object */;
}
